
Microsoft Visual Studio Solution File, Format Version 12.00
# Visual Studio Version 16
VisualStudioVersion = 16.0.35425.106
MinimumVisualStudioVersion = 10.0.40219.1
Project("{FAE04EC0-301F-11D3-BF4B-00C04F79EFBC}") = "Apolo", "Apolo\Apolo.csproj", "{B35FA035-8B09-4E5C-9ADF-AEB8D438BF73}"
EndProject
Project("{FAE04EC0-301F-11D3-BF4B-00C04F79EFBC}") = "Negocio", "Negocio\Negocio.csproj", "{20020836-6E98-452F-8C32-2AC6812065AD}"
EndProject
Project("{FAE04EC0-301F-11D3-BF4B-00C04F79EFBC}") = "Dominio", "Dominio\Dominio.csproj", "{C8FE1BEE-9DEC-4FE1-BDFE-5168F09D6D8A}"
EndProject
Global
	GlobalSection(SolutionConfigurationPlatforms) = preSolution
		Debug|Any CPU = Debug|Any CPU
		Release|Any CPU = Release|Any CPU
	EndGlobalSection
	GlobalSection(ProjectConfigurationPlatforms) = postSolution
		{B35FA035-8B09-4E5C-9ADF-AEB8D438BF73}.Debug|Any CPU.ActiveCfg = Debug|Any CPU
		{B35FA035-8B09-4E5C-9ADF-AEB8D438BF73}.Debug|Any CPU.Build.0 = Debug|Any CPU
		{B35FA035-8B09-4E5C-9ADF-AEB8D438BF73}.Release|Any CPU.ActiveCfg = Release|Any CPU
		{B35FA035-8B09-4E5C-9ADF-AEB8D438BF73}.Release|Any CPU.Build.0 = Release|Any CPU
		{20020836-6E98-452F-8C32-2AC6812065AD}.Debug|Any CPU.ActiveCfg = Debug|Any CPU
		{20020836-6E98-452F-8C32-2AC6812065AD}.Debug|Any CPU.Build.0 = Debug|Any CPU
		{20020836-6E98-452F-8C32-2AC6812065AD}.Release|Any CPU.ActiveCfg = Release|Any CPU
		{20020836-6E98-452F-8C32-2AC6812065AD}.Release|Any CPU.Build.0 = Release|Any CPU
		{C8FE1BEE-9DEC-4FE1-BDFE-5168F09D6D8A}.Debug|Any CPU.ActiveCfg = Debug|Any CPU
		{C8FE1BEE-9DEC-4FE1-BDFE-5168F09D6D8A}.Debug|Any CPU.Build.0 = Debug|Any CPU
		{C8FE1BEE-9DEC-4FE1-BDFE-5168F09D6D8A}.Release|Any CPU.ActiveCfg = Release|Any CPU
		{C8FE1BEE-9DEC-4FE1-BDFE-5168F09D6D8A}.Release|Any CPU.Build.0 = Release|Any CPU
	EndGlobalSection
	GlobalSection(SolutionProperties) = preSolution
		HideSolutionNode = FALSE
	EndGlobalSection
	GlobalSection(ExtensibilityGlobals) = postSolution
		SolutionGuid = {80DDE479-1D34-463F-9251-29F4CF4A22C4}
	EndGlobalSection
EndGlobal
